
Microsoft Visual Studio Solution File, Format Version 12.00
# Visual Studio 15
VisualStudioVersion = 15.0.27428.2037
MinimumVisualStudioVersion = 10.0.40219.1
Project("{FAE04EC0-301F-11D3-BF4B-00C04F79EFBC}") = "projectEX1", "projectEX1\projectEX1.csproj", "{D2F34A81-4678-42BF-B230-030447584D4D}"
EndProject
Global
	GlobalSection(SolutionConfigurationPlatforms) = preSolution
		Debug|Any CPU = Debug|Any CPU
		Release|Any CPU = Release|Any CPU
	EndGlobalSection
	GlobalSection(ProjectConfigurationPlatforms) = postSolution
		{D2F34A81-4678-42BF-B230-030447584D4D}.Debug|Any CPU.ActiveCfg = Debug|Any CPU
		{D2F34A81-4678-42BF-B230-030447584D4D}.Debug|Any CPU.Build.0 = Debug|Any CPU
		{D2F34A81-4678-42BF-B230-030447584D4D}.Release|Any CPU.ActiveCfg = Release|Any CPU
		{D2F34A81-4678-42BF-B230-030447584D4D}.Release|Any CPU.Build.0 = Release|Any CPU
	EndGlobalSection
	GlobalSection(SolutionProperties) = preSolution
		HideSolutionNode = FALSE
	EndGlobalSection
	GlobalSection(ExtensibilityGlobals) = postSolution
		SolutionGuid = {0E411F19-E5AA-467B-A0CE-2EE526000942}
	EndGlobalSection
EndGlobal
